{
  "name": "infinite-scroll-and-load-more-effect",
  "lockfileVersion": 3,
  "requires": true,
  "packages": {
    "": {
      "dependencies": {
        "@tanstack/react-query": "^5.20.5",
        "react-intersection-observer": "^9.8.0"
      }
    },
    "node_modules/@tanstack/query-core": {
      "version": "5.20.5",
      "resolved": "https://registry.npmjs.org/@tanstack/query-core/-/query-core-5.20.5.tgz",
      "integrity": "sha512-T1W28gGgWn0A++tH3lxj3ZuUVZZorsiKcv+R50RwmPYz62YoDEkG4/aXHZELGkRp4DfrW07dyq2K5dvJ4Wl1aA==",
      "funding": {
        "type": "github",
        "url": "https://github.com/sponsors/tannerlinsley"
      }
    },
    "node_modules/@tanstack/react-query": {
      "version": "5.20.5",
      "resolved": "https://registry.npmjs.org/@tanstack/react-query/-/react-query-5.20.5.tgz",
      "integrity": "sha512-6MHwJ8G9cnOC/XKrwt56QMc91vN7hLlAQNUA0ubP7h9Jj3a/CmkUwT6ALdFbnVP+PsYdhW3WONa8WQ4VcTaSLQ==",
      "dependencies": {
        "@tanstack/query-core": "5.20.5"
      },
      "funding": {
        "type": "github",
        "url": "https://github.com/sponsors/tannerlinsley"
      },
      "peerDependencies": {
        "react": "^18.0.0"
      }
    },
    "node_modules/react-intersection-observer": {
      "version": "9.8.0",
      "resolved": "https://registry.npmjs.org/react-intersection-observer/-/react-intersection-observer-9.8.0.tgz",
      "integrity": "sha512-wXHvMQUsTagh3X0Z6jDtGkIXc3VVCd2tjDRYR9kII3GKrZr0XF0xtpfdamo2n8BSF+zzfeeBVOTjxZWpBp9X0g==",
      "peerDependencies": {
        "react": "^15.0.0 || ^16.0.0 || ^17.0.0 || ^18.0.0",
        "react-dom": "^15.0.0 || ^16.0.0 || ^17.0.0 || ^18.0.0"
      },
      "peerDependenciesMeta": {
        "react-dom": {
          "optional": true
        }
      }
    }
  }
}
